
Microsoft Visual Studio Solution File, Format Version 12.00
# Visual Studio Version 17
VisualStudioVersion = 17.0.31903.59
MinimumVisualStudioVersion = 10.0.40219.1
Project("{9A19103F-16F7-4668-BE54-9A1E7A4F7556}") = "_testapp_dotnet_web_aws", "_testapp_dotnet_web_aws\_testapp_dotnet_web_aws.csproj", "{8A268C5C-CD07-437A-BDAE-AE73C051E49E}"
EndProject
Project("{9A19103F-16F7-4668-BE54-9A1E7A4F7556}") = "_testapp_dotnet_queue_lambda_aws", "_testapp_dotnet_queue_lambda_aws\src\_testapp_dotnet_queue_lambda_aws\_testapp_dotnet_queue_lambda_aws.csproj", "{F72C91F6-D57B-4466-9E82-9F1EDB33EB9F}"
EndProject
Project("{2150E333-8FDC-42A3-9474-1A3956D46DE8}") = "Solution Items", "Solution Items", "{618C5A3B-1D14-4BC1-A867-CE981A0977A0}"
	ProjectSection(SolutionItems) = preProject
		README.md = README.md
	EndProjectSection
EndProject
Global
	GlobalSection(SolutionConfigurationPlatforms) = preSolution
		Debug|Any CPU = Debug|Any CPU
		Release|Any CPU = Release|Any CPU
	EndGlobalSection
	GlobalSection(ProjectConfigurationPlatforms) = postSolution
		{8A268C5C-CD07-437A-BDAE-AE73C051E49E}.Debug|Any CPU.ActiveCfg = Debug|Any CPU
		{8A268C5C-CD07-437A-BDAE-AE73C051E49E}.Debug|Any CPU.Build.0 = Debug|Any CPU
		{8A268C5C-CD07-437A-BDAE-AE73C051E49E}.Release|Any CPU.ActiveCfg = Release|Any CPU
		{8A268C5C-CD07-437A-BDAE-AE73C051E49E}.Release|Any CPU.Build.0 = Release|Any CPU
		{F72C91F6-D57B-4466-9E82-9F1EDB33EB9F}.Debug|Any CPU.ActiveCfg = Debug|Any CPU
		{F72C91F6-D57B-4466-9E82-9F1EDB33EB9F}.Debug|Any CPU.Build.0 = Debug|Any CPU
		{F72C91F6-D57B-4466-9E82-9F1EDB33EB9F}.Release|Any CPU.ActiveCfg = Release|Any CPU
		{F72C91F6-D57B-4466-9E82-9F1EDB33EB9F}.Release|Any CPU.Build.0 = Release|Any CPU
	EndGlobalSection
	GlobalSection(SolutionProperties) = preSolution
		HideSolutionNode = FALSE
	EndGlobalSection
	GlobalSection(ExtensibilityGlobals) = postSolution
		SolutionGuid = {DC16F18F-2B48-4DF5-B7FF-F8836B8A2831}
	EndGlobalSection
EndGlobal
